
Microsoft Visual Studio Solution File, Format Version 12.00
# Visual Studio Version 17
VisualStudioVersion = 17.7.34024.191
MinimumVisualStudioVersion = 10.0.40219.1
Project("{FAE04EC0-301F-11D3-BF4B-00C04F79EFBC}") = "n01593039Assignment2", "n01593039Assignment2\n01593039Assignment2.csproj", "{9EF6DD09-CB00-46D9-B285-8BE6FF14D293}"
EndProject
Global
	GlobalSection(SolutionConfigurationPlatforms) = preSolution
		Debug|Any CPU = Debug|Any CPU
		Release|Any CPU = Release|Any CPU
	EndGlobalSection
	GlobalSection(ProjectConfigurationPlatforms) = postSolution
		{9EF6DD09-CB00-46D9-B285-8BE6FF14D293}.Debug|Any CPU.ActiveCfg = Debug|Any CPU
		{9EF6DD09-CB00-46D9-B285-8BE6FF14D293}.Debug|Any CPU.Build.0 = Debug|Any CPU
		{9EF6DD09-CB00-46D9-B285-8BE6FF14D293}.Release|Any CPU.ActiveCfg = Release|Any CPU
		{9EF6DD09-CB00-46D9-B285-8BE6FF14D293}.Release|Any CPU.Build.0 = Release|Any CPU
	EndGlobalSection
	GlobalSection(SolutionProperties) = preSolution
		HideSolutionNode = FALSE
	EndGlobalSection
	GlobalSection(ExtensibilityGlobals) = postSolution
		SolutionGuid = {9E6C8DB2-4940-42DD-B374-74568E694702}
	EndGlobalSection
EndGlobal
